
Microsoft Visual Studio Solution File, Format Version 12.00
# Visual Studio 15
VisualStudioVersion = 15.0.28307.572
MinimumVisualStudioVersion = 10.0.40219.1
Project("{FAE04EC0-301F-11D3-BF4B-00C04F79EFBC}") = "ExchangeRatesExample", "ExchangeRatesExample\ExchangeRatesExample.csproj", "{61567662-F4D6-4D98-AAFF-56F663934AF1}"
EndProject
Global
	GlobalSection(SolutionConfigurationPlatforms) = preSolution
		Debug|Any CPU = Debug|Any CPU
		Release|Any CPU = Release|Any CPU
	EndGlobalSection
	GlobalSection(ProjectConfigurationPlatforms) = postSolution
		{61567662-F4D6-4D98-AAFF-56F663934AF1}.Debug|Any CPU.ActiveCfg = Debug|Any CPU
		{61567662-F4D6-4D98-AAFF-56F663934AF1}.Debug|Any CPU.Build.0 = Debug|Any CPU
		{61567662-F4D6-4D98-AAFF-56F663934AF1}.Release|Any CPU.ActiveCfg = Release|Any CPU
		{61567662-F4D6-4D98-AAFF-56F663934AF1}.Release|Any CPU.Build.0 = Release|Any CPU
	EndGlobalSection
	GlobalSection(SolutionProperties) = preSolution
		HideSolutionNode = FALSE
	EndGlobalSection
	GlobalSection(ExtensibilityGlobals) = postSolution
		SolutionGuid = {86AB335F-2634-4485-9876-A1D2B1A94A5F}
	EndGlobalSection
EndGlobal
